
Microsoft Visual Studio Solution File, Format Version 12.00
# Visual Studio Version 16
VisualStudioVersion = 16.0.30711.63
MinimumVisualStudioVersion = 10.0.40219.1
Project("{9A19103F-16F7-4668-BE54-9A1E7A4F7556}") = "TweetVisualiser.Listener", "TweetVisualiser.Listener\TweetVisualiser.Listener.csproj", "{1CF08916-5AF9-4455-9CEC-B0B711594DE7}"
EndProject
Project("{9A19103F-16F7-4668-BE54-9A1E7A4F7556}") = "TweetVisualiser.UI", "TweetVisualiser.UI\TweetVisualiser.UI.csproj", "{2A935EA2-0C9D-4FBA-A0D2-F193930737FC}"
EndProject
Project("{9A19103F-16F7-4668-BE54-9A1E7A4F7556}") = "TweetVisualiser.Shared", "TweetVisualiser.Shared\TweetVisualiser.Shared.csproj", "{842F36F0-8665-405C-84B9-8A608FC0D46B}"
EndProject
Global
	GlobalSection(SolutionConfigurationPlatforms) = preSolution
		Debug|Any CPU = Debug|Any CPU
		Release|Any CPU = Release|Any CPU
	EndGlobalSection
	GlobalSection(ProjectConfigurationPlatforms) = postSolution
		{1CF08916-5AF9-4455-9CEC-B0B711594DE7}.Debug|Any CPU.ActiveCfg = Debug|Any CPU
		{1CF08916-5AF9-4455-9CEC-B0B711594DE7}.Debug|Any CPU.Build.0 = Debug|Any CPU
		{1CF08916-5AF9-4455-9CEC-B0B711594DE7}.Release|Any CPU.ActiveCfg = Release|Any CPU
		{1CF08916-5AF9-4455-9CEC-B0B711594DE7}.Release|Any CPU.Build.0 = Release|Any CPU
		{2A935EA2-0C9D-4FBA-A0D2-F193930737FC}.Debug|Any CPU.ActiveCfg = Debug|Any CPU
		{2A935EA2-0C9D-4FBA-A0D2-F193930737FC}.Debug|Any CPU.Build.0 = Debug|Any CPU
		{2A935EA2-0C9D-4FBA-A0D2-F193930737FC}.Release|Any CPU.ActiveCfg = Release|Any CPU
		{2A935EA2-0C9D-4FBA-A0D2-F193930737FC}.Release|Any CPU.Build.0 = Release|Any CPU
		{842F36F0-8665-405C-84B9-8A608FC0D46B}.Debug|Any CPU.ActiveCfg = Debug|Any CPU
		{842F36F0-8665-405C-84B9-8A608FC0D46B}.Debug|Any CPU.Build.0 = Debug|Any CPU
		{842F36F0-8665-405C-84B9-8A608FC0D46B}.Release|Any CPU.ActiveCfg = Release|Any CPU
		{842F36F0-8665-405C-84B9-8A608FC0D46B}.Release|Any CPU.Build.0 = Release|Any CPU
	EndGlobalSection
	GlobalSection(SolutionProperties) = preSolution
		HideSolutionNode = FALSE
	EndGlobalSection
	GlobalSection(ExtensibilityGlobals) = postSolution
		SolutionGuid = {AD835491-2BEC-4DE3-AA62-DF4F329CBAEE}
	EndGlobalSection
EndGlobal
